// !$*UTF8*$!
{
	archiveVersion = 1;
	classes = {
	};
	objectVersion = 56;
	objects = {

/* Begin PBXBuildFile section */
		8955E50D2A37D9B1004568C4 /* LanguageSelector.swift in Sources */ = {isa = PBXBuildFile; fileRef = 8955E50C2A37D9B1004568C4 /* LanguageSelector.swift */; };
		8955E5102A37DA1A004568C4 /* Language.swift in Sources */ = {isa = PBXBuildFile; fileRef = 8955E50F2A37DA1A004568C4 /* Language.swift */; };
		DF2D6E1C29FC266B005C6220 /* LocalizedStringGeneratorApp.swift in Sources */ = {isa = PBXBuildFile; fileRef = DF2D6E1B29FC266B005C6220 /* LocalizedStringGeneratorApp.swift */; };
		DF2D6E1E29FC266B005C6220 /* TextView.swift in Sources */ = {isa = PBXBuildFile; fileRef = DF2D6E1D29FC266B005C6220 /* TextView.swift */; };
		DF2D6E2029FC266D005C6220 /* Assets.xcassets in Resources */ = {isa = PBXBuildFile; fileRef = DF2D6E1F29FC266D005C6220 /* Assets.xcassets */; };
		DF2D6E2329FC266D005C6220 /* Preview Assets.xcassets in Resources */ = {isa = PBXBuildFile; fileRef = DF2D6E2229FC266D005C6220 /* Preview Assets.xcassets */; };
		DF6955502A6057E20069CCE0 /* ResultHeader.swift in Sources */ = {isa = PBXBuildFile; fileRef = DF69554F2A6057E20069CCE0 /* ResultHeader.swift */; };
		DF878A7029FC7F9500811983 /* UserSettings.swift in Sources */ = {isa = PBXBuildFile; fileRef = DF878A6F29FC7F9500811983 /* UserSettings.swift */; };
		DF878A7229FC829200811983 /* TranslateService.swift in Sources */ = {isa = PBXBuildFile; fileRef = DF878A7129FC829200811983 /* TranslateService.swift */; };
		DF878A7629FC841600811983 /* ResultView.swift in Sources */ = {isa = PBXBuildFile; fileRef = DF878A7529FC841600811983 /* ResultView.swift */; };
		DF878A7929FC852100811983 /* CoordinatorView.swift in Sources */ = {isa = PBXBuildFile; fileRef = DF878A7829FC852100811983 /* CoordinatorView.swift */; };
		DF878A7B29FC852B00811983 /* CoordinatorViewModel.swift in Sources */ = {isa = PBXBuildFile; fileRef = DF878A7A29FC852B00811983 /* CoordinatorViewModel.swift */; };
		DF878A7E29FC919800811983 /* HomeView.swift in Sources */ = {isa = PBXBuildFile; fileRef = DF878A7D29FC919800811983 /* HomeView.swift */; };
		DF878A8229FC96A400811983 /* LGButton.swift in Sources */ = {isa = PBXBuildFile; fileRef = DF878A8129FC96A400811983 /* LGButton.swift */; };
		DFA740B72A5C34D00018D961 /* ResultRow.swift in Sources */ = {isa = PBXBuildFile; fileRef = DFA740B62A5C34D00018D961 /* ResultRow.swift */; };
/* End PBXBuildFile section */

/* Begin PBXFileReference section */
		8955E50C2A37D9B1004568C4 /* LanguageSelector.swift */ = {isa = PBXFileReference; lastKnownFileType = sourcecode.swift; path = LanguageSelector.swift; sourceTree = "<group>"; };
		8955E50F2A37DA1A004568C4 /* Language.swift */ = {isa = PBXFileReference; lastKnownFileType = sourcecode.swift; path = Language.swift; sourceTree = "<group>"; };
		DF2D6E1829FC266B005C6220 /* Langify.app */ = {isa = PBXFileReference; explicitFileType = wrapper.application; includeInIndex = 0; path = Langify.app; sourceTree = BUILT_PRODUCTS_DIR; };
		DF2D6E1B29FC266B005C6220 /* LocalizedStringGeneratorApp.swift */ = {isa = PBXFileReference; lastKnownFileType = sourcecode.swift; path = LocalizedStringGeneratorApp.swift; sourceTree = "<group>"; };
		DF2D6E1D29FC266B005C6220 /* TextView.swift */ = {isa = PBXFileReference; lastKnownFileType = sourcecode.swift; path = TextView.swift; sourceTree = "<group>"; };
		DF2D6E1F29FC266D005C6220 /* Assets.xcassets */ = {isa = PBXFileReference; lastKnownFileType = folder.assetcatalog; path = Assets.xcassets; sourceTree = "<group>"; };
		DF2D6E2229FC266D005C6220 /* Preview Assets.xcassets */ = {isa = PBXFileReference; lastKnownFileType = folder.assetcatalog; path = "Preview Assets.xcassets"; sourceTree = "<group>"; };
		DF2D6E2429FC266D005C6220 /* LocalizedStringGenerator.entitlements */ = {isa = PBXFileReference; lastKnownFileType = text.plist.entitlements; path = LocalizedStringGenerator.entitlements; sourceTree = "<group>"; };
		DF69554F2A6057E20069CCE0 /* ResultHeader.swift */ = {isa = PBXFileReference; lastKnownFileType = sourcecode.swift; path = ResultHeader.swift; sourceTree = "<group>"; };
		DF878A6F29FC7F9500811983 /* UserSettings.swift */ = {isa = PBXFileReference; lastKnownFileType = sourcecode.swift; path = UserSettings.swift; sourceTree = "<group>"; };
		DF878A7129FC829200811983 /* TranslateService.swift */ = {isa = PBXFileReference; lastKnownFileType = sourcecode.swift; path = TranslateService.swift; sourceTree = "<group>"; };
		DF878A7529FC841600811983 /* ResultView.swift */ = {isa = PBXFileReference; lastKnownFileType = sourcecode.swift; path = ResultView.swift; sourceTree = "<group>"; };
		DF878A7829FC852100811983 /* CoordinatorView.swift */ = {isa = PBXFileReference; lastKnownFileType = sourcecode.swift; path = CoordinatorView.swift; sourceTree = "<group>"; };
		DF878A7A29FC852B00811983 /* CoordinatorViewModel.swift */ = {isa = PBXFileReference; lastKnownFileType = sourcecode.swift; path = CoordinatorViewModel.swift; sourceTree = "<group>"; };
		DF878A7D29FC919800811983 /* HomeView.swift */ = {isa = PBXFileReference; lastKnownFileType = sourcecode.swift; path = HomeView.swift; sourceTree = "<group>"; };
		DF878A8129FC96A400811983 /* LGButton.swift */ = {isa = PBXFileReference; lastKnownFileType = sourcecode.swift; path = LGButton.swift; sourceTree = "<group>"; };
		DFA740B62A5C34D00018D961 /* ResultRow.swift */ = {isa = PBXFileReference; lastKnownFileType = sourcecode.swift; path = ResultRow.swift; sourceTree = "<group>"; };
/* End PBXFileReference section */

/* Begin PBXFrameworksBuildPhase section */
		DF2D6E1529FC266B005C6220 /* Frameworks */ = {
			isa = PBXFrameworksBuildPhase;
			buildActionMask = 2147483647;
			files = (
			);
			runOnlyForDeploymentPostprocessing = 0;
		};
/* End PBXFrameworksBuildPhase section */

/* Begin PBXGroup section */
		8955E50B2A37D98B004568C4 /* Components */ = {
			isa = PBXGroup;
			children = (
				8955E50C2A37D9B1004568C4 /* LanguageSelector.swift */,
			);
			path = Components;
			sourceTree = "<group>";
		};
		8955E50E2A37DA10004568C4 /* Model */ = {
			isa = PBXGroup;
			children = (
				8955E50F2A37DA1A004568C4 /* Language.swift */,
			);
			path = Model;
			sourceTree = "<group>";
		};
		DF2D6E0F29FC266B005C6220 = {
			isa = PBXGroup;
			children = (
				DF2D6E1A29FC266B005C6220 /* LocalizedStringGenerator */,
				DF2D6E1929FC266B005C6220 /* Products */,
			);
			sourceTree = "<group>";
		};
		DF2D6E1929FC266B005C6220 /* Products */ = {
			isa = PBXGroup;
			children = (
				DF2D6E1829FC266B005C6220 /* Langify.app */,
			);
			name = Products;
			sourceTree = "<group>";
		};
		DF2D6E1A29FC266B005C6220 /* LocalizedStringGenerator */ = {
			isa = PBXGroup;
			children = (
				8955E50E2A37DA10004568C4 /* Model */,
				DF878A7F29FC969300811983 /* DesignSystem */,
				DF878A7729FC851900811983 /* Coordinator */,
				DF878A7329FC840500811983 /* Features */,
				DF2D6E2A29FC298D005C6220 /* Service */,
				DF2D6E1B29FC266B005C6220 /* LocalizedStringGeneratorApp.swift */,
				DF2D6E1F29FC266D005C6220 /* Assets.xcassets */,
				DF2D6E2429FC266D005C6220 /* LocalizedStringGenerator.entitlements */,
				DF2D6E2129FC266D005C6220 /* Preview Content */,
			);
			path = LocalizedStringGenerator;
			sourceTree = "<group>";
		};
		DF2D6E2129FC266D005C6220 /* Preview Content */ = {
			isa = PBXGroup;
			children = (
				DF2D6E2229FC266D005C6220 /* Preview Assets.xcassets */,
			);
			path = "Preview Content";
			sourceTree = "<group>";
		};
		DF2D6E2A29FC298D005C6220 /* Service */ = {
			isa = PBXGroup;
			children = (
				DF878A6F29FC7F9500811983 /* UserSettings.swift */,
				DF878A7129FC829200811983 /* TranslateService.swift */,
			);
			path = Service;
			sourceTree = "<group>";
		};
		DF878A7329FC840500811983 /* Features */ = {
			isa = PBXGroup;
			children = (
				DF878A8329FC9A7600811983 /* TextView */,
				DF878A7C29FC919100811983 /* Home */,
				DF878A7429FC840B00811983 /* Result */,
			);
			path = Features;
			sourceTree = "<group>";
		};
		DF878A7429FC840B00811983 /* Result */ = {
			isa = PBXGroup;
			children = (
				DF878A7529FC841600811983 /* ResultView.swift */,
				DFA740B62A5C34D00018D961 /* ResultRow.swift */,
				DF69554F2A6057E20069CCE0 /* ResultHeader.swift */,
			);
			path = Result;
			sourceTree = "<group>";
		};
		DF878A7729FC851900811983 /* Coordinator */ = {
			isa = PBXGroup;
			children = (
				DF878A7829FC852100811983 /* CoordinatorView.swift */,
				DF878A7A29FC852B00811983 /* CoordinatorViewModel.swift */,
			);
			path = Coordinator;
			sourceTree = "<group>";
		};
		DF878A7C29FC919100811983 /* Home */ = {
			isa = PBXGroup;
			children = (
				DF878A7D29FC919800811983 /* HomeView.swift */,
			);
			path = Home;
			sourceTree = "<group>";
		};
		DF878A7F29FC969300811983 /* DesignSystem */ = {
			isa = PBXGroup;
			children = (
				8955E50B2A37D98B004568C4 /* Components */,
				DF878A8129FC96A400811983 /* LGButton.swift */,
			);
			path = DesignSystem;
			sourceTree = "<group>";
		};
		DF878A8329FC9A7600811983 /* TextView */ = {
			isa = PBXGroup;
			children = (
				DF2D6E1D29FC266B005C6220 /* TextView.swift */,
			);
			path = TextView;
			sourceTree = "<group>";
		};
/* End PBXGroup section */

/* Begin PBXNativeTarget section */
		DF2D6E1729FC266B005C6220 /* Langify */ = {
			isa = PBXNativeTarget;
			buildConfigurationList = DF2D6E2729FC266D005C6220 /* Build configuration list for PBXNativeTarget "Langify" */;
			buildPhases = (
				DF2D6E1429FC266B005C6220 /* Sources */,
				DF2D6E1529FC266B005C6220 /* Frameworks */,
				DF2D6E1629FC266B005C6220 /* Resources */,
			);
			buildRules = (
			);
			dependencies = (
			);
			name = Langify;
			productName = LocalizedStringGenerator;
			productReference = DF2D6E1829FC266B005C6220 /* Langify.app */;
			productType = "com.apple.product-type.application";
		};
/* End PBXNativeTarget section */

/* Begin PBXProject section */
		DF2D6E1029FC266B005C6220 /* Project object */ = {
			isa = PBXProject;
			attributes = {
				BuildIndependentTargetsInParallel = 1;
				LastSwiftUpdateCheck = 1420;
				LastUpgradeCheck = 1420;
				TargetAttributes = {
					DF2D6E1729FC266B005C6220 = {
						CreatedOnToolsVersion = 14.2;
					};
				};
			};
			buildConfigurationList = DF2D6E1329FC266B005C6220 /* Build configuration list for PBXProject "Langify" */;
			compatibilityVersion = "Xcode 14.0";
			developmentRegion = en;
			hasScannedForEncodings = 0;
			knownRegions = (
				en,
				Base,
				"pt-BR",
			);
			mainGroup = DF2D6E0F29FC266B005C6220;
			packageReferences = (
			);
			productRefGroup = DF2D6E1929FC266B005C6220 /* Products */;
			projectDirPath = "";
			projectRoot = "";
			targets = (
				DF2D6E1729FC266B005C6220 /* Langify */,
			);
		};
/* End PBXProject section */

/* Begin PBXResourcesBuildPhase section */
		DF2D6E1629FC266B005C6220 /* Resources */ = {
			isa = PBXResourcesBuildPhase;
			buildActionMask = 2147483647;
			files = (
				DF2D6E2329FC266D005C6220 /* Preview Assets.xcassets in Resources */,
				DF2D6E2029FC266D005C6220 /* Assets.xcassets in Resources */,
			);
			runOnlyForDeploymentPostprocessing = 0;
		};
/* End PBXResourcesBuildPhase section */

/* Begin PBXSourcesBuildPhase section */
		DF2D6E1429FC266B005C6220 /* Sources */ = {
			isa = PBXSourcesBuildPhase;
			buildActionMask = 2147483647;
			files = (
				DF2D6E1E29FC266B005C6220 /* TextView.swift in Sources */,
				DF878A7929FC852100811983 /* CoordinatorView.swift in Sources */,
				8955E50D2A37D9B1004568C4 /* LanguageSelector.swift in Sources */,
				DF878A7029FC7F9500811983 /* UserSettings.swift in Sources */,
				DF6955502A6057E20069CCE0 /* ResultHeader.swift in Sources */,
				DF878A8229FC96A400811983 /* LGButton.swift in Sources */,
				DFA740B72A5C34D00018D961 /* ResultRow.swift in Sources */,
				DF878A7B29FC852B00811983 /* CoordinatorViewModel.swift in Sources */,
				DF878A7E29FC919800811983 /* HomeView.swift in Sources */,
				DF2D6E1C29FC266B005C6220 /* LocalizedStringGeneratorApp.swift in Sources */,
				DF878A7629FC841600811983 /* ResultView.swift in Sources */,
				DF878A7229FC829200811983 /* TranslateService.swift in Sources */,
				8955E5102A37DA1A004568C4 /* Language.swift in Sources */,
			);
			runOnlyForDeploymentPostprocessing = 0;
		};
/* End PBXSourcesBuildPhase section */

/* Begin XCBuildConfiguration section */
		DF2D6E2529FC266D005C6220 /* Debug */ = {
			isa = XCBuildConfiguration;
			buildSettings = {
				ALWAYS_SEARCH_USER_PATHS = NO;
				CLANG_ANALYZER_LOCALIZABILITY_NONLOCALIZED = YES;
				CLANG_ANALYZER_NONNULL = YES;
				CLANG_ANALYZER_NUMBER_OBJECT_CONVERSION = YES_AGGRESSIVE;
				CLANG_CXX_LANGUAGE_STANDARD = "gnu++20";
				CLANG_ENABLE_MODULES = YES;
				CLANG_ENABLE_OBJC_ARC = YES;
				CLANG_ENABLE_OBJC_WEAK = YES;
				CLANG_WARN_BLOCK_CAPTURE_AUTORELEASING = YES;
				CLANG_WARN_BOOL_CONVERSION = YES;
				CLANG_WARN_COMMA = YES;
				CLANG_WARN_CONSTANT_CONVERSION = YES;
				CLANG_WARN_DEPRECATED_OBJC_IMPLEMENTATIONS = YES;
				CLANG_WARN_DIRECT_OBJC_ISA_USAGE = YES_ERROR;
				CLANG_WARN_DOCUMENTATION_COMMENTS = YES;
				CLANG_WARN_EMPTY_BODY = YES;
				CLANG_WARN_ENUM_CONVERSION = YES;
				CLANG_WARN_INFINITE_RECURSION = YES;
				CLANG_WARN_INT_CONVERSION = YES;
				CLANG_WARN_NON_LITERAL_NULL_CONVERSION = YES;
				CLANG_WARN_OBJC_IMPLICIT_RETAIN_SELF = YES;
				CLANG_WARN_OBJC_LITERAL_CONVERSION = YES;
				CLANG_WARN_OBJC_ROOT_CLASS = YES_ERROR;
				CLANG_WARN_QUOTED_INCLUDE_IN_FRAMEWORK_HEADER = YES;
				CLANG_WARN_RANGE_LOOP_ANALYSIS = YES;
				CLANG_WARN_STRICT_PROTOTYPES = YES;
				CLANG_WARN_SUSPICIOUS_MOVE = YES;
				CLANG_WARN_UNGUARDED_AVAILABILITY = YES_AGGRESSIVE;
				CLANG_WARN_UNREACHABLE_CODE = YES;
				CLANG_WARN__DUPLICATE_METHOD_MATCH = YES;
				COPY_PHASE_STRIP = NO;
				DEBUG_INFORMATION_FORMAT = dwarf;
				ENABLE_STRICT_OBJC_MSGSEND = YES;
				ENABLE_TESTABILITY = YES;
				GCC_C_LANGUAGE_STANDARD = gnu11;
				GCC_DYNAMIC_NO_PIC = NO;
				GCC_NO_COMMON_BLOCKS = YES;
				GCC_OPTIMIZATION_LEVEL = 0;
				GCC_PREPROCESSOR_DEFINITIONS = (
					"DEBUG=1",
					"$(inherited)",
				);
				GCC_WARN_64_TO_32_BIT_CONVERSION = YES;
				GCC_WARN_ABOUT_RETURN_TYPE = YES_ERROR;
				GCC_WARN_UNDECLARED_SELECTOR = YES;
				GCC_WARN_UNINITIALIZED_AUTOS = YES_AGGRESSIVE;
				GCC_WARN_UNUSED_FUNCTION = YES;
				GCC_WARN_UNUSED_VARIABLE = YES;
				MACOSX_DEPLOYMENT_TARGET = 13.1;
				MTL_ENABLE_DEBUG_INFO = INCLUDE_SOURCE;
				MTL_FAST_MATH = YES;
				ONLY_ACTIVE_ARCH = YES;
				SDKROOT = macosx;
				SWIFT_ACTIVE_COMPILATION_CONDITIONS = DEBUG;
				SWIFT_OPTIMIZATION_LEVEL = "-Onone";
			};
			name = Debug;
		};
		DF2D6E2629FC266D005C6220 /* Release */ = {
			isa = XCBuildConfiguration;
			buildSettings = {
				ALWAYS_SEARCH_USER_PATHS = NO;
				CLANG_ANALYZER_LOCALIZABILITY_NONLOCALIZED = YES;
				CLANG_ANALYZER_NONNULL = YES;
				CLANG_ANALYZER_NUMBER_OBJECT_CONVERSION = YES_AGGRESSIVE;
				CLANG_CXX_LANGUAGE_STANDARD = "gnu++20";
				CLANG_ENABLE_MODULES = YES;
				CLANG_ENABLE_OBJC_ARC = YES;
				CLANG_ENABLE_OBJC_WEAK = YES;
				CLANG_WARN_BLOCK_CAPTURE_AUTORELEASING = YES;
				CLANG_WARN_BOOL_CONVERSION = YES;
				CLANG_WARN_COMMA = YES;
				CLANG_WARN_CONSTANT_CONVERSION = YES;
				CLANG_WARN_DEPRECATED_OBJC_IMPLEMENTATIONS = YES;
				CLANG_WARN_DIRECT_OBJC_ISA_USAGE = YES_ERROR;
				CLANG_WARN_DOCUMENTATION_COMMENTS = YES;
				CLANG_WARN_EMPTY_BODY = YES;
				CLANG_WARN_ENUM_CONVERSION = YES;
				CLANG_WARN_INFINITE_RECURSION = YES;
				CLANG_WARN_INT_CONVERSION = YES;
				CLANG_WARN_NON_LITERAL_NULL_CONVERSION = YES;
				CLANG_WARN_OBJC_IMPLICIT_RETAIN_SELF = YES;
				CLANG_WARN_OBJC_LITERAL_CONVERSION = YES;
				CLANG_WARN_OBJC_ROOT_CLASS = YES_ERROR;
				CLANG_WARN_QUOTED_INCLUDE_IN_FRAMEWORK_HEADER = YES;
				CLANG_WARN_RANGE_LOOP_ANALYSIS = YES;
				CLANG_WARN_STRICT_PROTOTYPES = YES;
				CLANG_WARN_SUSPICIOUS_MOVE = YES;
				CLANG_WARN_UNGUARDED_AVAILABILITY = YES_AGGRESSIVE;
				CLANG_WARN_UNREACHABLE_CODE = YES;
				CLANG_WARN__DUPLICATE_METHOD_MATCH = YES;
				COPY_PHASE_STRIP = NO;
				DEBUG_INFORMATION_FORMAT = "dwarf-with-dsym";
				ENABLE_NS_ASSERTIONS = NO;
				ENABLE_STRICT_OBJC_MSGSEND = YES;
				GCC_C_LANGUAGE_STANDARD = gnu11;
				GCC_NO_COMMON_BLOCKS = YES;
				GCC_WARN_64_TO_32_BIT_CONVERSION = YES;
				GCC_WARN_ABOUT_RETURN_TYPE = YES_ERROR;
				GCC_WARN_UNDECLARED_SELECTOR = YES;
				GCC_WARN_UNINITIALIZED_AUTOS = YES_AGGRESSIVE;
				GCC_WARN_UNUSED_FUNCTION = YES;
				GCC_WARN_UNUSED_VARIABLE = YES;
				MACOSX_DEPLOYMENT_TARGET = 13.1;
				MTL_ENABLE_DEBUG_INFO = NO;
				MTL_FAST_MATH = YES;
				SDKROOT = macosx;
				SWIFT_COMPILATION_MODE = wholemodule;
				SWIFT_OPTIMIZATION_LEVEL = "-O";
			};
			name = Release;
		};
		DF2D6E2829FC266D005C6220 /* Debug */ = {
			isa = XCBuildConfiguration;
			buildSettings = {
				ASSETCATALOG_COMPILER_APPICON_NAME = AppIcon;
				ASSETCATALOG_COMPILER_GLOBAL_ACCENT_COLOR_NAME = AccentColor;
				CODE_SIGN_ENTITLEMENTS = LocalizedStringGenerator/LocalizedStringGenerator.entitlements;
				"CODE_SIGN_IDENTITY[sdk=macosx*]" = "Apple Development";
				CODE_SIGN_STYLE = Automatic;
				COMBINE_HIDPI_IMAGES = YES;
				CURRENT_PROJECT_VERSION = 12;
				DEVELOPMENT_ASSET_PATHS = "\"LocalizedStringGenerator/Preview Content\"";
				DEVELOPMENT_TEAM = 6525BU9D84;
				ENABLE_HARDENED_RUNTIME = NO;
				ENABLE_PREVIEWS = YES;
				GENERATE_INFOPLIST_FILE = YES;
				INFOPLIST_KEY_CFBundleDisplayName = Langify;
				INFOPLIST_KEY_LSApplicationCategoryType = "public.app-category.productivity";
				INFOPLIST_KEY_NSHumanReadableCopyright = "";
				LD_RUNPATH_SEARCH_PATHS = (
					"$(inherited)",
					"@executable_path/../Frameworks",
				);
				MACOSX_DEPLOYMENT_TARGET = 12.0;
				MARKETING_VERSION = 1.3;
				PRODUCT_BUNDLE_IDENTIFIER = com.marcelo.langify;
				PRODUCT_NAME = "$(TARGET_NAME)";
				SWIFT_EMIT_LOC_STRINGS = YES;
				SWIFT_VERSION = 5.0;
			};
			name = Debug;
		};
		DF2D6E2929FC266D005C6220 /* Release */ = {
			isa = XCBuildConfiguration;
			buildSettings = {
				ASSETCATALOG_COMPILER_APPICON_NAME = AppIcon;
				ASSETCATALOG_COMPILER_GLOBAL_ACCENT_COLOR_NAME = AccentColor;
				CODE_SIGN_ENTITLEMENTS = LocalizedStringGenerator/LocalizedStringGenerator.entitlements;
				"CODE_SIGN_IDENTITY[sdk=macosx*]" = "Apple Development";
				CODE_SIGN_STYLE = Automatic;
				COMBINE_HIDPI_IMAGES = YES;
				CURRENT_PROJECT_VERSION = 12;
				DEVELOPMENT_ASSET_PATHS = "\"LocalizedStringGenerator/Preview Content\"";
				DEVELOPMENT_TEAM = 6525BU9D84;
				ENABLE_HARDENED_RUNTIME = NO;
				ENABLE_PREVIEWS = YES;
				GENERATE_INFOPLIST_FILE = YES;
				INFOPLIST_KEY_CFBundleDisplayName = Langify;
				INFOPLIST_KEY_LSApplicationCategoryType = "public.app-category.productivity";
				INFOPLIST_KEY_NSHumanReadableCopyright = "";
				LD_RUNPATH_SEARCH_PATHS = (
					"$(inherited)",
					"@executable_path/../Frameworks",
				);
				MACOSX_DEPLOYMENT_TARGET = 12.0;
				MARKETING_VERSION = 1.3;
				PRODUCT_BUNDLE_IDENTIFIER = com.marcelo.langify;
				PRODUCT_NAME = "$(TARGET_NAME)";
				SWIFT_EMIT_LOC_STRINGS = YES;
				SWIFT_VERSION = 5.0;
			};
			name = Release;
		};
/* End XCBuildConfiguration section */

/* Begin XCConfigurationList section */
		DF2D6E1329FC266B005C6220 /* Build configuration list for PBXProject "Langify" */ = {
			isa = XCConfigurationList;
			buildConfigurations = (
				DF2D6E2529FC266D005C6220 /* Debug */,
				DF2D6E2629FC266D005C6220 /* Release */,
			);
			defaultConfigurationIsVisible = 0;
			defaultConfigurationName = Release;
		};
		DF2D6E2729FC266D005C6220 /* Build configuration list for PBXNativeTarget "Langify" */ = {
			isa = XCConfigurationList;
			buildConfigurations = (
				DF2D6E2829FC266D005C6220 /* Debug */,
				DF2D6E2929FC266D005C6220 /* Release */,
			);
			defaultConfigurationIsVisible = 0;
			defaultConfigurationName = Release;
		};
/* End XCConfigurationList section */
	};
	rootObject = DF2D6E1029FC266B005C6220 /* Project object */;
}
